
Microsoft Visual Studio Solution File, Format Version 12.00
# Visual Studio Version 17
VisualStudioVersion = 17.8.34330.188
MinimumVisualStudioVersion = 10.0.40219.1
Project("{2150E333-8FDC-42A3-9474-1A3956D46DE8}") = "Store", "Store", "{772ED96F-AF28-4F60-8DC3-F0A3E61761D3}"
EndProject
Project("{FAE04EC0-301F-11D3-BF4B-00C04F79EFBC}") = "CourseManager", "CourseManagementSystem\CourseManager\CourseManager.csproj", "{94E81816-E341-494C-86C4-862D5E73EA43}"
EndProject
Project("{2150E333-8FDC-42A3-9474-1A3956D46DE8}") = "Course", "Course", "{87D34BFA-D026-417B-94C3-8C99F1D62DE5}"
EndProject
Project("{2150E333-8FDC-42A3-9474-1A3956D46DE8}") = "SqlTool", "SqlTool", "{FE83AF44-9F59-4DA9-934A-C72BEA92C46E}"
EndProject
Project("{FAE04EC0-301F-11D3-BF4B-00C04F79EFBC}") = "Controls", "CourseManagementSystem\Controls\Controls.csproj", "{D1C5BEAC-1DF6-4403-B93D-B6DEA9D5DB9B}"
EndProject
Project("{FAE04EC0-301F-11D3-BF4B-00C04F79EFBC}") = "SqlServerTool", "SqlServerToolSystem\SqlServerTool\SqlServerTool.csproj", "{184CED3D-892A-476C-99F6-F3BCDACABD7F}"
EndProject
Project("{2150E333-8FDC-42A3-9474-1A3956D46DE8}") = "PackingLot", "PackingLot", "{665E15A1-BED7-489C-9808-0E1BF9F87543}"
EndProject
Project("{2150E333-8FDC-42A3-9474-1A3956D46DE8}") = "1.Client", "1.Client", "{9E75D469-C7B0-469B-80C2-C8D26CC9D908}"
EndProject
Project("{2150E333-8FDC-42A3-9474-1A3956D46DE8}") = "2.Server", "2.Server", "{42FD4953-38DF-488B-BC39-EEC3F95B878F}"
EndProject
Project("{2150E333-8FDC-42A3-9474-1A3956D46DE8}") = "Start", "Start", "{70F884CF-8C1B-4199-8091-F194D76DC7F6}"
EndProject
Project("{2150E333-8FDC-42A3-9474-1A3956D46DE8}") = "Modules", "Modules", "{60B29CBE-73EC-4C00-8364-6A9FEE7DA452}"
EndProject
Project("{2150E333-8FDC-42A3-9474-1A3956D46DE8}") = "BLL", "BLL", "{A6313FE6-7506-4C95-9B21-61363C4C369E}"
EndProject
Project("{2150E333-8FDC-42A3-9474-1A3956D46DE8}") = "DAL", "DAL", "{0120F17A-9417-4DF0-BA02-999C8F8B0A10}"
EndProject
Project("{2150E333-8FDC-42A3-9474-1A3956D46DE8}") = "Entity", "Entity", "{DF9EE3D0-92B1-492F-AEA4-FDA5F746CA4E}"
EndProject
Project("{2150E333-8FDC-42A3-9474-1A3956D46DE8}") = "Start", "Start", "{D770276C-B17B-440A-AFDC-0CDFA60D70C6}"
EndProject
Project("{2150E333-8FDC-42A3-9474-1A3956D46DE8}") = "Service", "Service", "{F47499BA-BFED-4DD3-BB14-B0B1916DDDA9}"
EndProject
Project("{2150E333-8FDC-42A3-9474-1A3956D46DE8}") = "DAL", "DAL", "{DD52A05C-9B66-4414-996F-90513321C25F}"
EndProject
Project("{2150E333-8FDC-42A3-9474-1A3956D46DE8}") = "Common", "Common", "{22DDB5D9-7081-4C89-AD42-240B235EAC92}"
EndProject
Project("{2150E333-8FDC-42A3-9474-1A3956D46DE8}") = "Common", "Common", "{4D96B403-E4AF-4677-9E0D-1FE3210ACAC2}"
EndProject
Project("{FAE04EC0-301F-11D3-BF4B-00C04F79EFBC}") = "Joker.SmartPacking.Server.Start", "PackingLotSystem\Joker.SmartPacking.Server.Start\Joker.SmartPacking.Server.Start.csproj", "{1F7085AB-24A6-4DC1-8291-54FE6158A15F}"
EndProject
Project("{FAE04EC0-301F-11D3-BF4B-00C04F79EFBC}") = "Joker.SmartPacking.Server.EFCore", "PackingLotSystem\Joker.SmartPacking.Server.EFCore\Joker.SmartPacking.Server.EFCore.csproj", "{2D6A3F2A-AA22-486D-B084-1D3F1329D19C}"
EndProject
Project("{FAE04EC0-301F-11D3-BF4B-00C04F79EFBC}") = "Joker.SmartPacking.Server.Models", "PackingLotSystem\Joker.SmartPacking.Server.Models\Joker.SmartPacking.Server.Models.csproj", "{01EBCCE3-7B28-403D-8765-EC00BFDA774C}"
EndProject
Project("{FAE04EC0-301F-11D3-BF4B-00C04F79EFBC}") = "Joker.SmartPacking.Server.IEFContext", "PackingLotSystem\Joker.SmartPacking.Server.IEFContext\Joker.SmartPacking.Server.IEFContext.csproj", "{D2D38795-E8A3-483E-9301-43B1794AE7E8}"
EndProject
Project("{FAE04EC0-301F-11D3-BF4B-00C04F79EFBC}") = "Joker.SmartPacking.Server.EFContext", "PackingLotSystem\Joker.SmartPacking.Server.EFContext\Joker.SmartPacking.Server.EFContext.csproj", "{66FAC0DF-7683-47EE-ADDC-0B8C0A0DB409}"
EndProject
Project("{FAE04EC0-301F-11D3-BF4B-00C04F79EFBC}") = "Joker.SmartPacking.Server.IConfiguration", "PackingLotSystem\Joker.SmartPacking.Server.IConfiguration\Joker.SmartPacking.Server.IConfiguration.csproj", "{594D064A-3FA1-49C2-835F-39CB577A59E7}"
EndProject
Global
	GlobalSection(SolutionConfigurationPlatforms) = preSolution
		Debug|Any CPU = Debug|Any CPU
		Release|Any CPU = Release|Any CPU
	EndGlobalSection
	GlobalSection(ProjectConfigurationPlatforms) = postSolution
		{94E81816-E341-494C-86C4-862D5E73EA43}.Debug|Any CPU.ActiveCfg = Debug|Any CPU
		{94E81816-E341-494C-86C4-862D5E73EA43}.Debug|Any CPU.Build.0 = Debug|Any CPU
		{94E81816-E341-494C-86C4-862D5E73EA43}.Release|Any CPU.ActiveCfg = Release|Any CPU
		{94E81816-E341-494C-86C4-862D5E73EA43}.Release|Any CPU.Build.0 = Release|Any CPU
		{D1C5BEAC-1DF6-4403-B93D-B6DEA9D5DB9B}.Debug|Any CPU.ActiveCfg = Debug|Any CPU
		{D1C5BEAC-1DF6-4403-B93D-B6DEA9D5DB9B}.Debug|Any CPU.Build.0 = Debug|Any CPU
		{D1C5BEAC-1DF6-4403-B93D-B6DEA9D5DB9B}.Release|Any CPU.ActiveCfg = Release|Any CPU
		{D1C5BEAC-1DF6-4403-B93D-B6DEA9D5DB9B}.Release|Any CPU.Build.0 = Release|Any CPU
		{184CED3D-892A-476C-99F6-F3BCDACABD7F}.Debug|Any CPU.ActiveCfg = Debug|Any CPU
		{184CED3D-892A-476C-99F6-F3BCDACABD7F}.Debug|Any CPU.Build.0 = Debug|Any CPU
		{184CED3D-892A-476C-99F6-F3BCDACABD7F}.Release|Any CPU.ActiveCfg = Release|Any CPU
		{184CED3D-892A-476C-99F6-F3BCDACABD7F}.Release|Any CPU.Build.0 = Release|Any CPU
		{1F7085AB-24A6-4DC1-8291-54FE6158A15F}.Debug|Any CPU.ActiveCfg = Debug|Any CPU
		{1F7085AB-24A6-4DC1-8291-54FE6158A15F}.Debug|Any CPU.Build.0 = Debug|Any CPU
		{1F7085AB-24A6-4DC1-8291-54FE6158A15F}.Release|Any CPU.ActiveCfg = Release|Any CPU
		{1F7085AB-24A6-4DC1-8291-54FE6158A15F}.Release|Any CPU.Build.0 = Release|Any CPU
		{2D6A3F2A-AA22-486D-B084-1D3F1329D19C}.Debug|Any CPU.ActiveCfg = Debug|Any CPU
		{2D6A3F2A-AA22-486D-B084-1D3F1329D19C}.Debug|Any CPU.Build.0 = Debug|Any CPU
		{2D6A3F2A-AA22-486D-B084-1D3F1329D19C}.Release|Any CPU.ActiveCfg = Release|Any CPU
		{2D6A3F2A-AA22-486D-B084-1D3F1329D19C}.Release|Any CPU.Build.0 = Release|Any CPU
		{01EBCCE3-7B28-403D-8765-EC00BFDA774C}.Debug|Any CPU.ActiveCfg = Debug|Any CPU
		{01EBCCE3-7B28-403D-8765-EC00BFDA774C}.Debug|Any CPU.Build.0 = Debug|Any CPU
		{01EBCCE3-7B28-403D-8765-EC00BFDA774C}.Release|Any CPU.ActiveCfg = Release|Any CPU
		{01EBCCE3-7B28-403D-8765-EC00BFDA774C}.Release|Any CPU.Build.0 = Release|Any CPU
		{D2D38795-E8A3-483E-9301-43B1794AE7E8}.Debug|Any CPU.ActiveCfg = Debug|Any CPU
		{D2D38795-E8A3-483E-9301-43B1794AE7E8}.Debug|Any CPU.Build.0 = Debug|Any CPU
		{D2D38795-E8A3-483E-9301-43B1794AE7E8}.Release|Any CPU.ActiveCfg = Release|Any CPU
		{D2D38795-E8A3-483E-9301-43B1794AE7E8}.Release|Any CPU.Build.0 = Release|Any CPU
		{66FAC0DF-7683-47EE-ADDC-0B8C0A0DB409}.Debug|Any CPU.ActiveCfg = Debug|Any CPU
		{66FAC0DF-7683-47EE-ADDC-0B8C0A0DB409}.Debug|Any CPU.Build.0 = Debug|Any CPU
		{66FAC0DF-7683-47EE-ADDC-0B8C0A0DB409}.Release|Any CPU.ActiveCfg = Release|Any CPU
		{66FAC0DF-7683-47EE-ADDC-0B8C0A0DB409}.Release|Any CPU.Build.0 = Release|Any CPU
		{594D064A-3FA1-49C2-835F-39CB577A59E7}.Debug|Any CPU.ActiveCfg = Debug|Any CPU
		{594D064A-3FA1-49C2-835F-39CB577A59E7}.Debug|Any CPU.Build.0 = Debug|Any CPU
		{594D064A-3FA1-49C2-835F-39CB577A59E7}.Release|Any CPU.ActiveCfg = Release|Any CPU
		{594D064A-3FA1-49C2-835F-39CB577A59E7}.Release|Any CPU.Build.0 = Release|Any CPU
	EndGlobalSection
	GlobalSection(SolutionProperties) = preSolution
		HideSolutionNode = FALSE
	EndGlobalSection
	GlobalSection(NestedProjects) = preSolution
		{94E81816-E341-494C-86C4-862D5E73EA43} = {87D34BFA-D026-417B-94C3-8C99F1D62DE5}
		{D1C5BEAC-1DF6-4403-B93D-B6DEA9D5DB9B} = {87D34BFA-D026-417B-94C3-8C99F1D62DE5}
		{184CED3D-892A-476C-99F6-F3BCDACABD7F} = {FE83AF44-9F59-4DA9-934A-C72BEA92C46E}
		{9E75D469-C7B0-469B-80C2-C8D26CC9D908} = {665E15A1-BED7-489C-9808-0E1BF9F87543}
		{42FD4953-38DF-488B-BC39-EEC3F95B878F} = {665E15A1-BED7-489C-9808-0E1BF9F87543}
		{70F884CF-8C1B-4199-8091-F194D76DC7F6} = {9E75D469-C7B0-469B-80C2-C8D26CC9D908}
		{60B29CBE-73EC-4C00-8364-6A9FEE7DA452} = {9E75D469-C7B0-469B-80C2-C8D26CC9D908}
		{A6313FE6-7506-4C95-9B21-61363C4C369E} = {9E75D469-C7B0-469B-80C2-C8D26CC9D908}
		{0120F17A-9417-4DF0-BA02-999C8F8B0A10} = {9E75D469-C7B0-469B-80C2-C8D26CC9D908}
		{DF9EE3D0-92B1-492F-AEA4-FDA5F746CA4E} = {9E75D469-C7B0-469B-80C2-C8D26CC9D908}
		{D770276C-B17B-440A-AFDC-0CDFA60D70C6} = {42FD4953-38DF-488B-BC39-EEC3F95B878F}
		{F47499BA-BFED-4DD3-BB14-B0B1916DDDA9} = {42FD4953-38DF-488B-BC39-EEC3F95B878F}
		{DD52A05C-9B66-4414-996F-90513321C25F} = {42FD4953-38DF-488B-BC39-EEC3F95B878F}
		{22DDB5D9-7081-4C89-AD42-240B235EAC92} = {42FD4953-38DF-488B-BC39-EEC3F95B878F}
		{4D96B403-E4AF-4677-9E0D-1FE3210ACAC2} = {9E75D469-C7B0-469B-80C2-C8D26CC9D908}
		{1F7085AB-24A6-4DC1-8291-54FE6158A15F} = {D770276C-B17B-440A-AFDC-0CDFA60D70C6}
		{2D6A3F2A-AA22-486D-B084-1D3F1329D19C} = {DD52A05C-9B66-4414-996F-90513321C25F}
		{01EBCCE3-7B28-403D-8765-EC00BFDA774C} = {22DDB5D9-7081-4C89-AD42-240B235EAC92}
		{D2D38795-E8A3-483E-9301-43B1794AE7E8} = {DD52A05C-9B66-4414-996F-90513321C25F}
		{66FAC0DF-7683-47EE-ADDC-0B8C0A0DB409} = {DD52A05C-9B66-4414-996F-90513321C25F}
		{594D064A-3FA1-49C2-835F-39CB577A59E7} = {22DDB5D9-7081-4C89-AD42-240B235EAC92}
	EndGlobalSection
	GlobalSection(ExtensibilityGlobals) = postSolution
		SolutionGuid = {E10F55A4-CF2E-4E81-8F36-F25DD2E37726}
	EndGlobalSection
EndGlobal
